
Microsoft Visual Studio Solution File, Format Version 12.00
# Visual Studio Version 16
VisualStudioVersion = 16.0.31507.150
MinimumVisualStudioVersion = 10.0.40219.1
Project("{2150E333-8FDC-42A3-9474-1A3956D46DE8}") = "src", "src", "{816B68BD-A5F3-4B13-84C8-B04AD92F4C6B}"
EndProject
Project("{2150E333-8FDC-42A3-9474-1A3956D46DE8}") = "backend", "backend", "{238FBE66-5A72-4BFC-9E90-21231337FC38}"
EndProject
Project("{2150E333-8FDC-42A3-9474-1A3956D46DE8}") = "app", "app", "{076D5F5A-8AEC-45FA-B4E6-41503D46F341}"
EndProject
Project("{9A19103F-16F7-4668-BE54-9A1E7A4F7556}") = "albumes.api", "albumes.api\albumes.api.csproj", "{2EC91801-48F4-4513-B44E-5835FBBBB0A6}"
EndProject
Project("{9A19103F-16F7-4668-BE54-9A1E7A4F7556}") = "albumes.models", "albumes.models\albumes.models.csproj", "{373768ED-A507-4916-8FBA-EA2759AC9DA5}"
EndProject
Project("{9A19103F-16F7-4668-BE54-9A1E7A4F7556}") = "albumes.application", "albumes.application\albumes.application.csproj", "{6D8F76EF-CE4A-4D22-A885-C6D377D27F4D}"
EndProject
Project("{9A19103F-16F7-4668-BE54-9A1E7A4F7556}") = "albumes.infrastructure.data", "albumes.infrastructure.data\albumes.infrastructure.data.csproj", "{CDD273C2-225F-4F54-83AE-B6C48907D8A8}"
EndProject
Project("{9A19103F-16F7-4668-BE54-9A1E7A4F7556}") = "albumes.middleware", "albumes.middleware\albumes.middleware.csproj", "{BB6D718B-C20A-41A2-A061-F21A2EF7EF7D}"
EndProject
Project("{2150E333-8FDC-42A3-9474-1A3956D46DE8}") = "tests", "tests", "{74551FB2-52BC-4E1D-9B86-B8E2429F05FE}"
EndProject
Project("{FAE04EC0-301F-11D3-BF4B-00C04F79EFBC}") = "albumes.tests", "albumes.tests\albumes.tests.csproj", "{DDBBC921-E62B-4362-8976-B52400A94999}"
EndProject
Global
	GlobalSection(SolutionConfigurationPlatforms) = preSolution
		Debug|Any CPU = Debug|Any CPU
		Release|Any CPU = Release|Any CPU
	EndGlobalSection
	GlobalSection(ProjectConfigurationPlatforms) = postSolution
		{2EC91801-48F4-4513-B44E-5835FBBBB0A6}.Debug|Any CPU.ActiveCfg = Debug|Any CPU
		{2EC91801-48F4-4513-B44E-5835FBBBB0A6}.Debug|Any CPU.Build.0 = Debug|Any CPU
		{2EC91801-48F4-4513-B44E-5835FBBBB0A6}.Release|Any CPU.ActiveCfg = Release|Any CPU
		{2EC91801-48F4-4513-B44E-5835FBBBB0A6}.Release|Any CPU.Build.0 = Release|Any CPU
		{373768ED-A507-4916-8FBA-EA2759AC9DA5}.Debug|Any CPU.ActiveCfg = Debug|Any CPU
		{373768ED-A507-4916-8FBA-EA2759AC9DA5}.Debug|Any CPU.Build.0 = Debug|Any CPU
		{373768ED-A507-4916-8FBA-EA2759AC9DA5}.Release|Any CPU.ActiveCfg = Release|Any CPU
		{373768ED-A507-4916-8FBA-EA2759AC9DA5}.Release|Any CPU.Build.0 = Release|Any CPU
		{6D8F76EF-CE4A-4D22-A885-C6D377D27F4D}.Debug|Any CPU.ActiveCfg = Debug|Any CPU
		{6D8F76EF-CE4A-4D22-A885-C6D377D27F4D}.Debug|Any CPU.Build.0 = Debug|Any CPU
		{6D8F76EF-CE4A-4D22-A885-C6D377D27F4D}.Release|Any CPU.ActiveCfg = Release|Any CPU
		{6D8F76EF-CE4A-4D22-A885-C6D377D27F4D}.Release|Any CPU.Build.0 = Release|Any CPU
		{CDD273C2-225F-4F54-83AE-B6C48907D8A8}.Debug|Any CPU.ActiveCfg = Debug|Any CPU
		{CDD273C2-225F-4F54-83AE-B6C48907D8A8}.Debug|Any CPU.Build.0 = Debug|Any CPU
		{CDD273C2-225F-4F54-83AE-B6C48907D8A8}.Release|Any CPU.ActiveCfg = Release|Any CPU
		{CDD273C2-225F-4F54-83AE-B6C48907D8A8}.Release|Any CPU.Build.0 = Release|Any CPU
		{BB6D718B-C20A-41A2-A061-F21A2EF7EF7D}.Debug|Any CPU.ActiveCfg = Debug|Any CPU
		{BB6D718B-C20A-41A2-A061-F21A2EF7EF7D}.Debug|Any CPU.Build.0 = Debug|Any CPU
		{BB6D718B-C20A-41A2-A061-F21A2EF7EF7D}.Release|Any CPU.ActiveCfg = Release|Any CPU
		{BB6D718B-C20A-41A2-A061-F21A2EF7EF7D}.Release|Any CPU.Build.0 = Release|Any CPU
		{DDBBC921-E62B-4362-8976-B52400A94999}.Debug|Any CPU.ActiveCfg = Debug|Any CPU
		{DDBBC921-E62B-4362-8976-B52400A94999}.Debug|Any CPU.Build.0 = Debug|Any CPU
		{DDBBC921-E62B-4362-8976-B52400A94999}.Release|Any CPU.ActiveCfg = Release|Any CPU
		{DDBBC921-E62B-4362-8976-B52400A94999}.Release|Any CPU.Build.0 = Release|Any CPU
	EndGlobalSection
	GlobalSection(SolutionProperties) = preSolution
		HideSolutionNode = FALSE
	EndGlobalSection
	GlobalSection(NestedProjects) = preSolution
		{238FBE66-5A72-4BFC-9E90-21231337FC38} = {816B68BD-A5F3-4B13-84C8-B04AD92F4C6B}
		{076D5F5A-8AEC-45FA-B4E6-41503D46F341} = {816B68BD-A5F3-4B13-84C8-B04AD92F4C6B}
		{2EC91801-48F4-4513-B44E-5835FBBBB0A6} = {238FBE66-5A72-4BFC-9E90-21231337FC38}
		{373768ED-A507-4916-8FBA-EA2759AC9DA5} = {238FBE66-5A72-4BFC-9E90-21231337FC38}
		{6D8F76EF-CE4A-4D22-A885-C6D377D27F4D} = {238FBE66-5A72-4BFC-9E90-21231337FC38}
		{CDD273C2-225F-4F54-83AE-B6C48907D8A8} = {238FBE66-5A72-4BFC-9E90-21231337FC38}
		{BB6D718B-C20A-41A2-A061-F21A2EF7EF7D} = {238FBE66-5A72-4BFC-9E90-21231337FC38}
		{DDBBC921-E62B-4362-8976-B52400A94999} = {74551FB2-52BC-4E1D-9B86-B8E2429F05FE}
	EndGlobalSection
	GlobalSection(ExtensibilityGlobals) = postSolution
		SolutionGuid = {0505D3F6-6ED4-42B3-9895-C601DD40938E}
	EndGlobalSection
EndGlobal
